
Microsoft Visual Studio Solution File, Format Version 12.00
# Visual Studio Version 17
VisualStudioVersion = 17.2.32616.157
MinimumVisualStudioVersion = 10.0.40219.1
Project("{8BC9CEB8-8B4A-11D0-8D11-00A0C91BC942}") = "WRealEngine", "WRealEngine\WRealEngine.vcxproj", "{251A2B35-33B7-48B1-AEA9-843E8DB10CCD}"
EndProject
Project("{8BC9CEB8-8B4A-11D0-8D11-00A0C91BC942}") = "WindowsProject1", "WindowsProject1\WindowsProject1.vcxproj", "{9626890A-A967-40C4-924A-6D247FD1D163}"
EndProject
Global
	GlobalSection(SolutionConfigurationPlatforms) = preSolution
		Debug|x64 = Debug|x64
		Debug|x86 = Debug|x86
		Release|x64 = Release|x64
		Release|x86 = Release|x86
	EndGlobalSection
	GlobalSection(ProjectConfigurationPlatforms) = postSolution
		{251A2B35-33B7-48B1-AEA9-843E8DB10CCD}.Debug|x64.ActiveCfg = Debug|x64
		{251A2B35-33B7-48B1-AEA9-843E8DB10CCD}.Debug|x64.Build.0 = Debug|x64
		{251A2B35-33B7-48B1-AEA9-843E8DB10CCD}.Debug|x86.ActiveCfg = Debug|Win32
		{251A2B35-33B7-48B1-AEA9-843E8DB10CCD}.Debug|x86.Build.0 = Debug|Win32
		{251A2B35-33B7-48B1-AEA9-843E8DB10CCD}.Release|x64.ActiveCfg = Release|x64
		{251A2B35-33B7-48B1-AEA9-843E8DB10CCD}.Release|x64.Build.0 = Release|x64
		{251A2B35-33B7-48B1-AEA9-843E8DB10CCD}.Release|x86.ActiveCfg = Release|Win32
		{251A2B35-33B7-48B1-AEA9-843E8DB10CCD}.Release|x86.Build.0 = Release|Win32
		{9626890A-A967-40C4-924A-6D247FD1D163}.Debug|x64.ActiveCfg = Debug|x64
		{9626890A-A967-40C4-924A-6D247FD1D163}.Debug|x64.Build.0 = Debug|x64
		{9626890A-A967-40C4-924A-6D247FD1D163}.Debug|x86.ActiveCfg = Debug|Win32
		{9626890A-A967-40C4-924A-6D247FD1D163}.Debug|x86.Build.0 = Debug|Win32
		{9626890A-A967-40C4-924A-6D247FD1D163}.Release|x64.ActiveCfg = Release|x64
		{9626890A-A967-40C4-924A-6D247FD1D163}.Release|x64.Build.0 = Release|x64
		{9626890A-A967-40C4-924A-6D247FD1D163}.Release|x86.ActiveCfg = Release|Win32
		{9626890A-A967-40C4-924A-6D247FD1D163}.Release|x86.Build.0 = Release|Win32
	EndGlobalSection
	GlobalSection(SolutionProperties) = preSolution
		HideSolutionNode = FALSE
	EndGlobalSection
	GlobalSection(ExtensibilityGlobals) = postSolution
		SolutionGuid = {C263DA92-9789-4EF6-ABC0-F9DF88686BDF}
	EndGlobalSection
EndGlobal
